{
  "nodes": {
    "comparse-flake": {
      "inputs": {
        "fstar-flake": [
          "fstar-flake"
        ],
        "nixpkgs": [
          "nixpkgs"
        ]
      },
      "locked": {
        "lastModified": 1685131747,
        "narHash": "sha256-25bC/RW425+fJHvrqTPTXudbY25GlXQJCeX8xM+P/RA=",
        "ref": "refs/heads/main",
        "rev": "57996a3521babf130c0d2227d2c6503c89daeb83",
        "revCount": 112,
        "type": "git",
        "url": "ssh://git@github.com/TWal/comparse.git"
      },
      "original": {
        "type": "git",
        "url": "ssh://git@github.com/TWal/comparse.git"
      }
    },
    "dolev-yao-star-src": {
      "flake": false,
      "locked": {
        "lastModified": 1682000512,
        "narHash": "sha256-hW7ugRgVWIFg2N/2AKDeXtgY8JC50LvZWcSdkw54Irw=",
        "ref": "comparse",
        "rev": "42bd3fccd85bd549ccb9427143d6b3beab94cc77",
        "revCount": 1163,
        "type": "git",
        "url": "ssh://git@github.com/prosecco/dolev-yao-star.git"
      },
      "original": {
        "ref": "comparse",
        "type": "git",
        "url": "ssh://git@github.com/prosecco/dolev-yao-star.git"
      }
    },
    "flake-utils": {
      "locked": {
        "lastModified": 1667395993,
        "narHash": "sha256-nuEHfE/LcWyuSWnS8t12N1wc105Qtau+/OdUAjtQ0rA=",
        "owner": "numtide",
        "repo": "flake-utils",
        "rev": "5aed5285a952e0b949eb3ba02c12fa4fcfef535f",
        "type": "github"
      },
      "original": {
        "id": "flake-utils",
        "type": "indirect"
      }
    },
    "fstar-flake": {
      "inputs": {
        "flake-utils": "flake-utils",
        "nixpkgs": "nixpkgs"
      },
      "locked": {
        "lastModified": 1684877757,
        "narHash": "sha256-LGF2MAv6pFfUGytOFq2rhQnLbny82gLqj9L2F7LYakc=",
        "owner": "FStarLang",
        "repo": "FStar",
        "rev": "504c21f3c02a82d5ed2d2db746245157c995e9e5",
        "type": "github"
      },
      "original": {
        "owner": "FStarLang",
        "repo": "FStar",
        "type": "github"
      }
    },
    "nixpkgs": {
      "locked": {
        "lastModified": 1669140675,
        "narHash": "sha256-npzfyfLECsJWgzK/M4gWhykP2DNAJTYjgY2BWkz/oEQ=",
        "owner": "NixOS",
        "repo": "nixpkgs",
        "rev": "2788904d26dda6cfa1921c5abb7a2466ffe3cb8c",
        "type": "github"
      },
      "original": {
        "id": "nixpkgs",
        "ref": "nixos-unstable",
        "type": "indirect"
      }
    },
    "root": {
      "inputs": {
        "comparse-flake": "comparse-flake",
        "dolev-yao-star-src": "dolev-yao-star-src",
        "fstar-flake": "fstar-flake",
        "nixpkgs": [
          "fstar-flake",
          "nixpkgs"
        ]
      }
    }
  },
  "root": "root",
  "version": 7
}
