{
  "nodes": {
    "comparse-flake": {
      "inputs": {
        "fstar-flake": [
          "fstar-flake"
        ],
        "nixpkgs": [
          "nixpkgs"
        ]
      },
      "locked": {
        "lastModified": 1701726077,
        "narHash": "sha256-Jl9/L/kUyDlW944pbBNC54CRY6IR/STw3kJaEhSesIw=",
        "owner": "TWal",
        "repo": "comparse",
        "rev": "717b7d127b4ec6a63c347f3ac78820cf6838ea52",
        "type": "github"
      },
      "original": {
        "owner": "TWal",
        "repo": "comparse",
        "type": "github"
      }
    },
    "dolev-yao-star-flake": {
      "inputs": {
        "comparse-flake": [
          "comparse-flake"
        ],
        "fstar-flake": [
          "fstar-flake"
        ],
        "nixpkgs": [
          "nixpkgs"
        ]
      },
      "locked": {
        "lastModified": 1716558569,
        "narHash": "sha256-pZ/O9UslWHEJDRHfitlvkWy/Tu89iF/PlF4r0znpBjw=",
        "owner": "REPROSEC",
        "repo": "dolev-yao-star-extrinsic",
        "rev": "32994e43100e7d915c48e4ed25e60acfb3a28339",
        "type": "github"
      },
      "original": {
        "owner": "REPROSEC",
        "repo": "dolev-yao-star-extrinsic",
        "type": "github"
      }
    },
    "flake-utils": {
      "inputs": {
        "systems": "systems"
      },
      "locked": {
        "lastModified": 1692799911,
        "narHash": "sha256-3eihraek4qL744EvQXsK1Ha6C3CR7nnT8X2qWap4RNk=",
        "owner": "numtide",
        "repo": "flake-utils",
        "rev": "f9e7cf818399d17d347f847525c5a5a8032e4e44",
        "type": "github"
      },
      "original": {
        "id": "flake-utils",
        "type": "indirect"
      }
    },
    "fstar-flake": {
      "inputs": {
        "flake-utils": "flake-utils",
        "nixpkgs": "nixpkgs"
      },
      "locked": {
        "lastModified": 1717456679,
        "narHash": "sha256-GjDR+YhmIBHJ/1WotSwcHYmXP1VvkZS5I2YpPJlzWDc=",
        "owner": "FStarLang",
        "repo": "FStar",
        "rev": "6d124af2bda315ae20f9fe974ffc668f8bd5791d",
        "type": "github"
      },
      "original": {
        "owner": "FStarLang",
        "repo": "FStar",
        "type": "github"
      }
    },
    "hacl-packages-src": {
      "flake": false,
      "locked": {
        "lastModified": 1719499641,
        "narHash": "sha256-/fn8vrRY9v4caKyLlKWRyy92ZykeQ80c9Wm7eDwkGFY=",
        "owner": "cryspen",
        "repo": "hacl-packages",
        "rev": "6b02a7d0f8d29204d1517dff4ac739dd1f8f6ed7",
        "type": "github"
      },
      "original": {
        "owner": "cryspen",
        "ref": "dev_aes_gcm_wasm",
        "repo": "hacl-packages",
        "type": "github"
      }
    },
    "nixpkgs": {
      "locked": {
        "lastModified": 1693158576,
        "narHash": "sha256-aRTTXkYvhXosGx535iAFUaoFboUrZSYb1Ooih/auGp0=",
        "owner": "NixOS",
        "repo": "nixpkgs",
        "rev": "a999c1cc0c9eb2095729d5aa03e0d8f7ed256780",
        "type": "github"
      },
      "original": {
        "id": "nixpkgs",
        "ref": "nixos-unstable",
        "type": "indirect"
      }
    },
    "root": {
      "inputs": {
        "comparse-flake": "comparse-flake",
        "dolev-yao-star-flake": "dolev-yao-star-flake",
        "fstar-flake": "fstar-flake",
        "hacl-packages-src": "hacl-packages-src",
        "nixpkgs": [
          "fstar-flake",
          "nixpkgs"
        ]
      }
    },
    "systems": {
      "locked": {
        "lastModified": 1681028828,
        "narHash": "sha256-Vy1rq5AaRuLzOxct8nz4T6wlgyUR7zLU309k9mBC768=",
        "owner": "nix-systems",
        "repo": "default",
        "rev": "da67096a3b9bf56a91d16901293e51ba5b49a27e",
        "type": "github"
      },
      "original": {
        "owner": "nix-systems",
        "repo": "default",
        "type": "github"
      }
    }
  },
  "root": "root",
  "version": 7
}
